
Microsoft Visual Studio Solution File, Format Version 12.00
# Visual Studio Version 17
VisualStudioVersion = 17.0.32112.339
MinimumVisualStudioVersion = 10.0.40219.1
Project("{9A19103F-16F7-4668-BE54-9A1E7A4F7556}") = "Snake", "Snake\Snake.csproj", "{51AD9284-55ED-4FD3-97E2-9E64A2116D25}"
EndProject
Project("{9A19103F-16F7-4668-BE54-9A1E7A4F7556}") = "UnitTestSnake", "UnitTestSnake\UnitTestSnake.csproj", "{DC78678D-8CA1-4A25-A655-FAB991D900E7}"
EndProject
Global
	GlobalSection(SolutionConfigurationPlatforms) = preSolution
		Debug|Any CPU = Debug|Any CPU
		Release|Any CPU = Release|Any CPU
	EndGlobalSection
	GlobalSection(ProjectConfigurationPlatforms) = postSolution
		{51AD9284-55ED-4FD3-97E2-9E64A2116D25}.Debug|Any CPU.ActiveCfg = Debug|Any CPU
		{51AD9284-55ED-4FD3-97E2-9E64A2116D25}.Debug|Any CPU.Build.0 = Debug|Any CPU
		{51AD9284-55ED-4FD3-97E2-9E64A2116D25}.Release|Any CPU.ActiveCfg = Release|Any CPU
		{51AD9284-55ED-4FD3-97E2-9E64A2116D25}.Release|Any CPU.Build.0 = Release|Any CPU
		{DC78678D-8CA1-4A25-A655-FAB991D900E7}.Debug|Any CPU.ActiveCfg = Debug|Any CPU
		{DC78678D-8CA1-4A25-A655-FAB991D900E7}.Debug|Any CPU.Build.0 = Debug|Any CPU
		{DC78678D-8CA1-4A25-A655-FAB991D900E7}.Release|Any CPU.ActiveCfg = Release|Any CPU
		{DC78678D-8CA1-4A25-A655-FAB991D900E7}.Release|Any CPU.Build.0 = Release|Any CPU
	EndGlobalSection
	GlobalSection(SolutionProperties) = preSolution
		HideSolutionNode = FALSE
	EndGlobalSection
	GlobalSection(ExtensibilityGlobals) = postSolution
		SolutionGuid = {86454DB2-6F45-4F84-860D-91EF65B93391}
	EndGlobalSection
EndGlobal
